<?xml version="1.0" encoding="utf-8"?>
<Project ToolsVersion="4.0" xmlns="http://schemas.microsoft.com/developer/msbuild/2003">
  <ItemGroup>
    <Filter Include="win32">
      <UniqueIdentifier>{84a8ebd7-7cf0-47f6-b75e-d441df67da40}</UniqueIdentifier>
    </Filter>
    <Filter Include="resource">
      <UniqueIdentifier>{715254bc-d70b-4ec5-bf29-467dd3ace079}</UniqueIdentifier>
    </Filter>
    <Filter Include="src">
      <UniqueIdentifier>{bb6c862e-70e9-49d9-81b7-3829a6f50471}</UniqueIdentifier>
    </Filter>
    <Filter Include="src\Objects">
      <UniqueIdentifier>{ba162c9c-3596-40f7-8875-66bf803cd32c}</UniqueIdentifier>
    </Filter>
    <Filter Include="src\SceneControllers">
      <UniqueIdentifier>{d81fd550-6484-4b31-9d10-4f0bbfd29d35}</UniqueIdentifier>
    </Filter>
    <Filter Include="src\Common">
      <UniqueIdentifier>{1c4cff50-1109-46bf-bf27-85adfb275acc}</UniqueIdentifier>
    </Filter>
    <Filter Include="src\Models">
      <UniqueIdentifier>{99c81baf-9f50-478b-b7d1-32a045c5b6ba}</UniqueIdentifier>
    </Filter>
    <Filter Include="src\Views">
      <UniqueIdentifier>{fdb357fb-b206-4865-94ca-448aab1ed986}</UniqueIdentifier>
    </Filter>
    <Filter Include="src\Views\InterfaceView">
      <UniqueIdentifier>{42e09ddf-0fea-40ca-848d-3c30da9f1ab9}</UniqueIdentifier>
    </Filter>
    <Filter Include="src\Models\Common">
      <UniqueIdentifier>{44c4ac21-526b-4741-9cfb-22fbdc7a893a}</UniqueIdentifier>
    </Filter>
    <Filter Include="src\Views\Common">
      <UniqueIdentifier>{3d0e46c1-b917-4afa-981f-746f911ee6c9}</UniqueIdentifier>
    </Filter>
    <Filter Include="src\Properties">
      <UniqueIdentifier>{38e527d0-48fc-444f-81f2-50ce0d9c58e6}</UniqueIdentifier>
    </Filter>
    <Filter Include="src\Actions">
      <UniqueIdentifier>{019afe9b-b343-49c7-a2f8-a25a26fa5552}</UniqueIdentifier>
    </Filter>
    <Filter Include="src\Utils">
      <UniqueIdentifier>{3a3d4d51-2d66-4fe5-8e00-430181922436}</UniqueIdentifier>
    </Filter>
    <Filter Include="src\Utils\Private">
      <UniqueIdentifier>{5678efda-91fb-4fa5-8a91-b9501bbff859}</UniqueIdentifier>
    </Filter>
    <Filter Include="src\Models\Commands">
      <UniqueIdentifier>{395d7477-a797-46c7-802a-716120017926}</UniqueIdentifier>
    </Filter>
  </ItemGroup>
  <ItemGroup>
    <ClCompile Include="main.cpp">
      <Filter>win32</Filter>
    </ClCompile>
    <ClCompile Include="..\Classes\AppDelegate.cpp">
      <Filter>src</Filter>
    </ClCompile>
    <ClCompile Include="..\Classes\Objects\Scene.cpp">
      <Filter>src\Objects</Filter>
    </ClCompile>
    <ClCompile Include="..\Classes\SceneControllers\GameScene.cpp">
      <Filter>src\SceneControllers</Filter>
    </ClCompile>
    <ClCompile Include="..\Classes\Common\FeatureNames.cpp">
      <Filter>src\Common</Filter>
    </ClCompile>
    <ClCompile Include="..\Classes\Models\Entity.cpp">
      <Filter>src\Models</Filter>
    </ClCompile>
    <ClCompile Include="..\Classes\Models\Area.cpp">
      <Filter>src\Models</Filter>
    </ClCompile>
    <ClCompile Include="..\Classes\Views\GameView.cpp">
      <Filter>src\Views</Filter>
    </ClCompile>
    <ClCompile Include="..\Classes\Views\GameLayer.cpp">
      <Filter>src\Views</Filter>
    </ClCompile>
    <ClCompile Include="..\Classes\Views\InterfaceView\BuildButtonLayer.cpp">
      <Filter>src\Views\InterfaceView</Filter>
    </ClCompile>
    <ClCompile Include="..\Classes\Views\InterfaceView\BuildButtonView.cpp">
      <Filter>src\Views\InterfaceView</Filter>
    </ClCompile>
    <ClCompile Include="..\Classes\Common\Features.cpp">
      <Filter>src\Common</Filter>
    </ClCompile>
    <ClCompile Include="..\Classes\Models\Entity_Factory.cpp">
      <Filter>src\Models</Filter>
    </ClCompile>
    <ClCompile Include="..\Classes\Objects\Object.cpp">
      <Filter>src\Objects</Filter>
    </ClCompile>
    <ClCompile Include="..\Classes\Models\Common\ModelMath.cpp">
      <Filter>src\Models\Common</Filter>
    </ClCompile>
    <ClCompile Include="..\Classes\Common\GameTouchEvents.cpp">
      <Filter>src\Common</Filter>
    </ClCompile>
    <ClCompile Include="..\Classes\Properties\PropertyContainer.cpp">
      <Filter>src\Properties</Filter>
    </ClCompile>
    <ClCompile Include="..\Classes\Actions\Action.cpp">
      <Filter>src\Actions</Filter>
    </ClCompile>
    <ClCompile Include="..\Classes\Actions\Action_Factory.cpp">
      <Filter>src\Actions</Filter>
    </ClCompile>
    <ClCompile Include="..\Classes\Actions\Building.cpp">
      <Filter>src\Actions</Filter>
    </ClCompile>
    <ClCompile Include="..\Classes\Actions\Process.cpp">
      <Filter>src\Actions</Filter>
    </ClCompile>
    <ClCompile Include="..\Classes\Utils\Private\SIALogger.cpp">
      <Filter>src\Utils\Private</Filter>
    </ClCompile>
    <ClCompile Include="..\Classes\Models\Common\ReadWriteMutex.cpp">
      <Filter>src\Models\Common</Filter>
    </ClCompile>
    <ClCompile Include="..\Classes\Models\Common\TimeStamp.cpp">
      <Filter>src\Models\Common</Filter>
    </ClCompile>
    <ClCompile Include="..\Classes\Models\Common\EntityMutex.cpp">
      <Filter>src\Models\Common</Filter>
    </ClCompile>
    <ClCompile Include="..\Classes\Models\Commands\AddEntity.cpp">
      <Filter>src\Models\Commands</Filter>
    </ClCompile>
    <ClCompile Include="..\Classes\Models\Commands\EraseEntity.cpp">
      <Filter>src\Models\Commands</Filter>
    </ClCompile>
    <ClCompile Include="..\Classes\Models\Commands\CommandController.cpp">
      <Filter>src\Models\Commands</Filter>
    </ClCompile>
    <ClCompile Include="..\Classes\Models\ModelController.cpp">
      <Filter>src\Models</Filter>
    </ClCompile>
    <ClCompile Include="..\Classes\Models\Entities.cpp">
      <Filter>src\Models</Filter>
    </ClCompile>
    <ClCompile Include="..\Classes\Models\Entities_Array.cpp">
      <Filter>src\Models</Filter>
    </ClCompile>
    <ClCompile Include="..\Classes\Models\Entities_Grid.cpp">
      <Filter>src\Models</Filter>
    </ClCompile>
    <ClCompile Include="..\Classes\Models\Entities_Graph.cpp">
      <Filter>src\Models</Filter>
    </ClCompile>
  </ItemGroup>
  <ItemGroup>
    <ClInclude Include="main.h">
      <Filter>win32</Filter>
    </ClInclude>
    <ClInclude Include="..\Classes\AppDelegate.h">
      <Filter>src</Filter>
    </ClInclude>
    <ClInclude Include="..\Classes\Objects\Object.h">
      <Filter>src\Objects</Filter>
    </ClInclude>
    <ClInclude Include="..\Classes\Objects\Scene.h">
      <Filter>src\Objects</Filter>
    </ClInclude>
    <ClInclude Include="..\Classes\SceneControllers\GameScene.h">
      <Filter>src\SceneControllers</Filter>
    </ClInclude>
    <ClInclude Include="..\Classes\Common\FeatureNames.h">
      <Filter>src\Common</Filter>
    </ClInclude>
    <ClInclude Include="..\Classes\Objects\SceneInterface.h">
      <Filter>src\Objects</Filter>
    </ClInclude>
    <ClInclude Include="..\Classes\Models\Entity.h">
      <Filter>src\Models</Filter>
    </ClInclude>
    <ClInclude Include="..\Classes\Models\Area.h">
      <Filter>src\Models</Filter>
    </ClInclude>
    <ClInclude Include="..\Classes\Views\GameLayer.h">
      <Filter>src\Views</Filter>
    </ClInclude>
    <ClInclude Include="..\Classes\Views\GameView.h">
      <Filter>src\Views</Filter>
    </ClInclude>
    <ClInclude Include="..\Classes\Views\InterfaceView\BuildButtonLayer.h">
      <Filter>src\Views\InterfaceView</Filter>
    </ClInclude>
    <ClInclude Include="..\Classes\Views\InterfaceView\BuildButtonView.h">
      <Filter>src\Views\InterfaceView</Filter>
    </ClInclude>
    <ClInclude Include="..\Classes\Common\Features.h">
      <Filter>src\Common</Filter>
    </ClInclude>
    <ClInclude Include="..\Classes\Common\Cocos2dDefines.h">
      <Filter>src\Common</Filter>
    </ClInclude>
    <ClInclude Include="..\Classes\Models\Entity_Factory.h">
      <Filter>src\Models</Filter>
    </ClInclude>
    <ClInclude Include="..\Classes\Models\Common\ModelMath.h">
      <Filter>src\Models\Common</Filter>
    </ClInclude>
    <ClInclude Include="..\Classes\Views\Common\ViewMath.h">
      <Filter>src\Views\Common</Filter>
    </ClInclude>
    <ClInclude Include="..\Classes\Common\GameTouchEvents.h">
      <Filter>src\Common</Filter>
    </ClInclude>
    <ClInclude Include="..\Classes\Properties\Build.h">
      <Filter>src\Properties</Filter>
    </ClInclude>
    <ClInclude Include="..\Classes\Properties\EnergyGenerator.h">
      <Filter>src\Properties</Filter>
    </ClInclude>
    <ClInclude Include="..\Classes\Properties\IProperty.h">
      <Filter>src\Properties</Filter>
    </ClInclude>
    <ClInclude Include="..\Classes\Properties\PropertyContainer.h">
      <Filter>src\Properties</Filter>
    </ClInclude>
    <ClInclude Include="..\Classes\Properties\TransmitterEnergy.h">
      <Filter>src\Properties</Filter>
    </ClInclude>
    <ClInclude Include="..\Classes\Actions\Action.h">
      <Filter>src\Actions</Filter>
    </ClInclude>
    <ClInclude Include="..\Classes\Actions\Action_Factory.h">
      <Filter>src\Actions</Filter>
    </ClInclude>
    <ClInclude Include="..\Classes\Actions\Building.h">
      <Filter>src\Actions</Filter>
    </ClInclude>
    <ClInclude Include="..\Classes\Actions\Inaction.h">
      <Filter>src\Actions</Filter>
    </ClInclude>
    <ClInclude Include="..\Classes\Actions\Process.h">
      <Filter>src\Actions</Filter>
    </ClInclude>
    <ClInclude Include="..\Classes\Utils\SIALogger.h">
      <Filter>src\Utils</Filter>
    </ClInclude>
    <ClInclude Include="..\Classes\Utils\SIAPoint2D.h">
      <Filter>src\Utils</Filter>
    </ClInclude>
    <ClInclude Include="..\Classes\Utils\SIASingleton.h">
      <Filter>src\Utils</Filter>
    </ClInclude>
    <ClInclude Include="..\Classes\Utils\SIADelegate.h">
      <Filter>src\Utils</Filter>
    </ClInclude>
    <ClInclude Include="..\Classes\Utils\SIAEvent.h">
      <Filter>src\Utils</Filter>
    </ClInclude>
    <ClInclude Include="..\Classes\Models\Commands\ICommand.h">
      <Filter>src\Models\Commands</Filter>
    </ClInclude>
    <ClInclude Include="..\Classes\Models\Common\TimeStamp.h">
      <Filter>src\Models\Common</Filter>
    </ClInclude>
    <ClInclude Include="..\Classes\Models\Common\ReadWriteMutex.h">
      <Filter>src\Models\Common</Filter>
    </ClInclude>
    <ClInclude Include="..\Classes\Models\Common\EntityMutex.h">
      <Filter>src\Models\Common</Filter>
    </ClInclude>
    <ClInclude Include="..\Classes\Models\ModelController.h">
      <Filter>src\Models</Filter>
    </ClInclude>
    <ClInclude Include="..\Classes\Models\Commands\AddEntity.h">
      <Filter>src\Models\Commands</Filter>
    </ClInclude>
    <ClInclude Include="..\Classes\Models\Commands\EraseEntity.h">
      <Filter>src\Models\Commands</Filter>
    </ClInclude>
    <ClInclude Include="..\Classes\Models\Commands\CommandController.h">
      <Filter>src\Models\Commands</Filter>
    </ClInclude>
    <ClInclude Include="..\Classes\Models\Entities.h">
      <Filter>src\Models</Filter>
    </ClInclude>
    <ClInclude Include="..\Classes\Models\Entities_Array.h">
      <Filter>src\Models</Filter>
    </ClInclude>
    <ClInclude Include="..\Classes\Models\Entities_Grid.h">
      <Filter>src\Models</Filter>
    </ClInclude>
    <ClInclude Include="..\Classes\Models\Entities_Graph.h">
      <Filter>src\Models</Filter>
    </ClInclude>
    <ClInclude Include="..\Classes\Utils\NonCopyable.h">
      <Filter>src\Utils</Filter>
    </ClInclude>
  </ItemGroup>
  <ItemGroup>
    <ResourceCompile Include="game.rc">
      <Filter>resource</Filter>
    </ResourceCompile>
  </ItemGroup>
  <ItemGroup>
    <None Include="proj.win32.licenseheader" />
  </ItemGroup>
</Project>