<?xml version="1.0" encoding="utf-8"?>
<Project ToolsVersion="4.0" xmlns="http://schemas.microsoft.com/developer/msbuild/2003">
  <ItemGroup>
    <Filter Include="win32">
      <UniqueIdentifier>{84a8ebd7-7cf0-47f6-b75e-d441df67da40}</UniqueIdentifier>
    </Filter>
    <Filter Include="resource">
      <UniqueIdentifier>{715254bc-d70b-4ec5-bf29-467dd3ace079}</UniqueIdentifier>
    </Filter>
    <Filter Include="src">
      <UniqueIdentifier>{bb6c862e-70e9-49d9-81b7-3829a6f50471}</UniqueIdentifier>
    </Filter>
    <Filter Include="src\Components">
      <UniqueIdentifier>{38e527d0-48fc-444f-81f2-50ce0d9c58e6}</UniqueIdentifier>
    </Filter>
    <Filter Include="src\Components\View">
      <UniqueIdentifier>{fdb357fb-b206-4865-94ca-448aab1ed986}</UniqueIdentifier>
    </Filter>
    <Filter Include="src\Components\Features">
      <UniqueIdentifier>{f460403a-f14c-4a79-ab9b-337b9f2dab10}</UniqueIdentifier>
    </Filter>
    <Filter Include="src\Objects">
      <UniqueIdentifier>{ba162c9c-3596-40f7-8875-66bf803cd32c}</UniqueIdentifier>
    </Filter>
  </ItemGroup>
  <ItemGroup>
    <ClCompile Include="main.cpp">
      <Filter>win32</Filter>
    </ClCompile>
    <ClCompile Include="..\Classes\AppDelegate.cpp">
      <Filter>src</Filter>
    </ClCompile>
    <ClCompile Include="..\Classes\HelloWorldScene.cpp">
      <Filter>src</Filter>
    </ClCompile>
    <ClCompile Include="..\Classes\Components\View\GameView.cpp">
      <Filter>src\Components\View</Filter>
    </ClCompile>
    <ClCompile Include="..\Classes\Components\View\GameLayer.cpp">
      <Filter>src\Components\View</Filter>
    </ClCompile>
    <ClCompile Include="..\Classes\Objects\Scene.cpp">
      <Filter>src\Objects</Filter>
    </ClCompile>
    <ClCompile Include="..\Classes\Objects\MainBase.cpp">
      <Filter>src\Objects</Filter>
    </ClCompile>
  </ItemGroup>
  <ItemGroup>
    <ClInclude Include="main.h">
      <Filter>win32</Filter>
    </ClInclude>
    <ClInclude Include="..\Classes\AppDelegate.h">
      <Filter>src</Filter>
    </ClInclude>
    <ClInclude Include="..\Classes\HelloWorldScene.h">
      <Filter>src</Filter>
    </ClInclude>
    <ClInclude Include="..\Classes\Components\View\GameView.h">
      <Filter>src\Components\View</Filter>
    </ClInclude>
    <ClInclude Include="..\Classes\Objects\MainBase.h">
      <Filter>src\Objects</Filter>
    </ClInclude>
    <ClInclude Include="..\Classes\Objects\Object.h">
      <Filter>src\Objects</Filter>
    </ClInclude>
    <ClInclude Include="..\Classes\Objects\Scene.h">
      <Filter>src\Objects</Filter>
    </ClInclude>
    <ClInclude Include="..\Classes\Components\Component.h">
      <Filter>src\Components</Filter>
    </ClInclude>
    <ClInclude Include="..\Classes\Components\View\GameLayer.h">
      <Filter>src\Components\View</Filter>
    </ClInclude>
  </ItemGroup>
  <ItemGroup>
    <ResourceCompile Include="game.rc">
      <Filter>resource</Filter>
    </ResourceCompile>
  </ItemGroup>
</Project>